{
  "name": "first-node-app",
  "version": "1.0.0",
  "lockfileVersion": 1,
  "requires": true,
  "dependencies": {
    "zaputil-lib": {
      "version": "1.2.0",
      "resolved": "https://registry.npmjs.org/zaputil-lib/-/zaputil-lib-1.2.0.tgz",
      "integrity": "sha512-Yf6Iu5HmjxtlJp+fwMwhVNhxfL48FmqlxfHU686YNCTWw13M1lTyc/mRLf6pgrkYONFmmEDut0qztnHOt7nuRQ=="
    }
  }
}
